
Microsoft Visual Studio Solution File, Format Version 12.00
# Visual Studio Version 16
VisualStudioVersion = 16.0.31005.135
MinimumVisualStudioVersion = 10.0.40219.1
Project("{151D2E53-A2C4-4D7D-83FE-D05416EBD58E}") = "Azure.RG", "Azure.RG\Azure.RG.deployproj", "{8323037B-FA0B-4FFC-A56F-2B3F77B6E2C5}"
EndProject
Project("{9A19103F-16F7-4668-BE54-9A1E7A4F7556}") = "Crypto.Bot", "Crypto.Bot\Crypto.Bot.csproj", "{4981E886-9772-4205-B649-4BC42C9CDF88}"
EndProject
Project("{9A19103F-16F7-4668-BE54-9A1E7A4F7556}") = "Crypto.Bot.Jobs", "Crypto.Bot.Jobs\Crypto.Bot.Jobs.csproj", "{C5433FE5-42EB-469E-8FE6-B9BE010BA925}"
EndProject
Project("{9A19103F-16F7-4668-BE54-9A1E7A4F7556}") = "Crypto.Bot.Api", "Crypto.Bot.Api\Crypto.Bot.Api.csproj", "{5FA06BF0-36CC-475C-8E9E-B64C9D1062E1}"
EndProject
Project("{9A19103F-16F7-4668-BE54-9A1E7A4F7556}") = "Crypto.Bot.Domain", "Crypto.Bot.Domain\Crypto.Bot.Domain.csproj", "{9A6A98E8-F575-4B15-A98E-8EC1E608C9D9}"
EndProject
Project("{2150E333-8FDC-42A3-9474-1A3956D46DE8}") = "Solution Items", "Solution Items", "{316FD329-5F9C-46D7-810A-378F4541D0B3}"
	ProjectSection(SolutionItems) = preProject
		docker-compose.yml = docker-compose.yml
		DockerfileJobsFnc = DockerfileJobsFnc
		DockerfileWebApi = DockerfileWebApi
		README.md = README.md
	EndProjectSection
EndProject
Project("{9A19103F-16F7-4668-BE54-9A1E7A4F7556}") = "Crypto.Bot.Test", "Crypto.Bot.Test\Crypto.Bot.Test.csproj", "{9CEEDD0E-B3F9-40AC-9533-8B34F6190B9C}"
EndProject
Global
	GlobalSection(SolutionConfigurationPlatforms) = preSolution
		Debug|Any CPU = Debug|Any CPU
		Release|Any CPU = Release|Any CPU
	EndGlobalSection
	GlobalSection(ProjectConfigurationPlatforms) = postSolution
		{8323037B-FA0B-4FFC-A56F-2B3F77B6E2C5}.Debug|Any CPU.ActiveCfg = Debug|Any CPU
		{8323037B-FA0B-4FFC-A56F-2B3F77B6E2C5}.Debug|Any CPU.Build.0 = Debug|Any CPU
		{8323037B-FA0B-4FFC-A56F-2B3F77B6E2C5}.Release|Any CPU.ActiveCfg = Release|Any CPU
		{8323037B-FA0B-4FFC-A56F-2B3F77B6E2C5}.Release|Any CPU.Build.0 = Release|Any CPU
		{4981E886-9772-4205-B649-4BC42C9CDF88}.Debug|Any CPU.ActiveCfg = Debug|Any CPU
		{4981E886-9772-4205-B649-4BC42C9CDF88}.Debug|Any CPU.Build.0 = Debug|Any CPU
		{4981E886-9772-4205-B649-4BC42C9CDF88}.Release|Any CPU.ActiveCfg = Release|Any CPU
		{4981E886-9772-4205-B649-4BC42C9CDF88}.Release|Any CPU.Build.0 = Release|Any CPU
		{C5433FE5-42EB-469E-8FE6-B9BE010BA925}.Debug|Any CPU.ActiveCfg = Debug|Any CPU
		{C5433FE5-42EB-469E-8FE6-B9BE010BA925}.Debug|Any CPU.Build.0 = Debug|Any CPU
		{C5433FE5-42EB-469E-8FE6-B9BE010BA925}.Release|Any CPU.ActiveCfg = Release|Any CPU
		{C5433FE5-42EB-469E-8FE6-B9BE010BA925}.Release|Any CPU.Build.0 = Release|Any CPU
		{5FA06BF0-36CC-475C-8E9E-B64C9D1062E1}.Debug|Any CPU.ActiveCfg = Debug|Any CPU
		{5FA06BF0-36CC-475C-8E9E-B64C9D1062E1}.Debug|Any CPU.Build.0 = Debug|Any CPU
		{5FA06BF0-36CC-475C-8E9E-B64C9D1062E1}.Release|Any CPU.ActiveCfg = Release|Any CPU
		{5FA06BF0-36CC-475C-8E9E-B64C9D1062E1}.Release|Any CPU.Build.0 = Release|Any CPU
		{9A6A98E8-F575-4B15-A98E-8EC1E608C9D9}.Debug|Any CPU.ActiveCfg = Debug|Any CPU
		{9A6A98E8-F575-4B15-A98E-8EC1E608C9D9}.Debug|Any CPU.Build.0 = Debug|Any CPU
		{9A6A98E8-F575-4B15-A98E-8EC1E608C9D9}.Release|Any CPU.ActiveCfg = Release|Any CPU
		{9A6A98E8-F575-4B15-A98E-8EC1E608C9D9}.Release|Any CPU.Build.0 = Release|Any CPU
		{9CEEDD0E-B3F9-40AC-9533-8B34F6190B9C}.Debug|Any CPU.ActiveCfg = Debug|Any CPU
		{9CEEDD0E-B3F9-40AC-9533-8B34F6190B9C}.Debug|Any CPU.Build.0 = Debug|Any CPU
		{9CEEDD0E-B3F9-40AC-9533-8B34F6190B9C}.Release|Any CPU.ActiveCfg = Release|Any CPU
		{9CEEDD0E-B3F9-40AC-9533-8B34F6190B9C}.Release|Any CPU.Build.0 = Release|Any CPU
	EndGlobalSection
	GlobalSection(SolutionProperties) = preSolution
		HideSolutionNode = FALSE
	EndGlobalSection
	GlobalSection(ExtensibilityGlobals) = postSolution
		SolutionGuid = {B616E12D-16FA-4F0F-8680-7C590B36F93C}
	EndGlobalSection
EndGlobal
